
Microsoft Visual Studio Solution File, Format Version 12.00
# Visual Studio Version 17
VisualStudioVersion = 17.5.002.0
MinimumVisualStudioVersion = 10.0.40219.1
Project("{9A19103F-16F7-4668-BE54-9A1E7A4F7556}") = "Lab 07", "Lab 07.csproj", "{9BB07C18-26C8-42BC-8EDE-5D98F6D8C816}"
EndProject
Global
	GlobalSection(SolutionConfigurationPlatforms) = preSolution
		Debug|Any CPU = Debug|Any CPU
		Release|Any CPU = Release|Any CPU
	EndGlobalSection
	GlobalSection(ProjectConfigurationPlatforms) = postSolution
		{9BB07C18-26C8-42BC-8EDE-5D98F6D8C816}.Debug|Any CPU.ActiveCfg = Debug|Any CPU
		{9BB07C18-26C8-42BC-8EDE-5D98F6D8C816}.Debug|Any CPU.Build.0 = Debug|Any CPU
		{9BB07C18-26C8-42BC-8EDE-5D98F6D8C816}.Release|Any CPU.ActiveCfg = Release|Any CPU
		{9BB07C18-26C8-42BC-8EDE-5D98F6D8C816}.Release|Any CPU.Build.0 = Release|Any CPU
	EndGlobalSection
	GlobalSection(SolutionProperties) = preSolution
		HideSolutionNode = FALSE
	EndGlobalSection
	GlobalSection(ExtensibilityGlobals) = postSolution
		SolutionGuid = {D9B15925-8452-4013-9C55-748B4972865E}
	EndGlobalSection
EndGlobal
